
Microsoft Visual Studio Solution File, Format Version 12.00
# Visual Studio Version 17
VisualStudioVersion = 17.0.31903.59
MinimumVisualStudioVersion = 10.0.40219.1
Project("{2150E333-8FDC-42A3-9474-1A3956D46DE8}") = "src", "src", "{827E0CD3-B72D-47B6-A68D-7590B98EB39B}"
EndProject
Project("{FAE04EC0-301F-11D3-BF4B-00C04F79EFBC}") = "Mrp.Api", "src\Mrp.Api\Mrp.Api.csproj", "{5B7657AB-230A-4DC8-B53C-10A355F2067A}"
EndProject
Project("{FAE04EC0-301F-11D3-BF4B-00C04F79EFBC}") = "Mrp.Core", "src\Mrp.Core\Mrp.Core.csproj", "{78FDFF36-3F6D-48D4-8735-6735E106AFAB}"
EndProject
Project("{FAE04EC0-301F-11D3-BF4B-00C04F79EFBC}") = "Mrp.Engine", "src\Mrp.Engine\Mrp.Engine.csproj", "{C3CE17C8-6FB9-41A3-A51F-20533B2705DC}"
EndProject
Project("{FAE04EC0-301F-11D3-BF4B-00C04F79EFBC}") = "Mrp.AI", "src\Mrp.AI\Mrp.AI.csproj", "{588326BD-D21F-41B4-823A-A9106D583CEE}"
EndProject
Project("{FAE04EC0-301F-11D3-BF4B-00C04F79EFBC}") = "Mrp.Infrastructure", "src\Mrp.Infrastructure\Mrp.Infrastructure.csproj", "{715D5CB7-2C22-4594-A94A-2CDD3A2DED5C}"
EndProject
Project("{FAE04EC0-301F-11D3-BF4B-00C04F79EFBC}") = "Mrp.Tests", "tests\Mrp.Tests\Mrp.Tests.csproj", "{38B057CF-88E1-4BA5-88D7-BD3A35CA5986}"
EndProject
Global
	GlobalSection(SolutionConfigurationPlatforms) = preSolution
		Debug|Any CPU = Debug|Any CPU
		Debug|x64 = Debug|x64
		Debug|x86 = Debug|x86
		Release|Any CPU = Release|Any CPU
		Release|x64 = Release|x64
		Release|x86 = Release|x86
	EndGlobalSection
	GlobalSection(ProjectConfigurationPlatforms) = postSolution
		{5B7657AB-230A-4DC8-B53C-10A355F2067A}.Debug|Any CPU.ActiveCfg = Debug|Any CPU
		{5B7657AB-230A-4DC8-B53C-10A355F2067A}.Debug|Any CPU.Build.0 = Debug|Any CPU
		{5B7657AB-230A-4DC8-B53C-10A355F2067A}.Debug|x64.ActiveCfg = Debug|Any CPU
		{5B7657AB-230A-4DC8-B53C-10A355F2067A}.Debug|x64.Build.0 = Debug|Any CPU
		{5B7657AB-230A-4DC8-B53C-10A355F2067A}.Debug|x86.ActiveCfg = Debug|Any CPU
		{5B7657AB-230A-4DC8-B53C-10A355F2067A}.Debug|x86.Build.0 = Debug|Any CPU
		{5B7657AB-230A-4DC8-B53C-10A355F2067A}.Release|Any CPU.ActiveCfg = Release|Any CPU
		{5B7657AB-230A-4DC8-B53C-10A355F2067A}.Release|Any CPU.Build.0 = Release|Any CPU
		{5B7657AB-230A-4DC8-B53C-10A355F2067A}.Release|x64.ActiveCfg = Release|Any CPU
		{5B7657AB-230A-4DC8-B53C-10A355F2067A}.Release|x64.Build.0 = Release|Any CPU
		{5B7657AB-230A-4DC8-B53C-10A355F2067A}.Release|x86.ActiveCfg = Release|Any CPU
		{5B7657AB-230A-4DC8-B53C-10A355F2067A}.Release|x86.Build.0 = Release|Any CPU
		{78FDFF36-3F6D-48D4-8735-6735E106AFAB}.Debug|Any CPU.ActiveCfg = Debug|Any CPU
		{78FDFF36-3F6D-48D4-8735-6735E106AFAB}.Debug|Any CPU.Build.0 = Debug|Any CPU
		{78FDFF36-3F6D-48D4-8735-6735E106AFAB}.Debug|x64.ActiveCfg = Debug|Any CPU
		{78FDFF36-3F6D-48D4-8735-6735E106AFAB}.Debug|x64.Build.0 = Debug|Any CPU
		{78FDFF36-3F6D-48D4-8735-6735E106AFAB}.Debug|x86.ActiveCfg = Debug|Any CPU
		{78FDFF36-3F6D-48D4-8735-6735E106AFAB}.Debug|x86.Build.0 = Debug|Any CPU
		{78FDFF36-3F6D-48D4-8735-6735E106AFAB}.Release|Any CPU.ActiveCfg = Release|Any CPU
		{78FDFF36-3F6D-48D4-8735-6735E106AFAB}.Release|Any CPU.Build.0 = Release|Any CPU
		{78FDFF36-3F6D-48D4-8735-6735E106AFAB}.Release|x64.ActiveCfg = Release|Any CPU
		{78FDFF36-3F6D-48D4-8735-6735E106AFAB}.Release|x64.Build.0 = Release|Any CPU
		{78FDFF36-3F6D-48D4-8735-6735E106AFAB}.Release|x86.ActiveCfg = Release|Any CPU
		{78FDFF36-3F6D-48D4-8735-6735E106AFAB}.Release|x86.Build.0 = Release|Any CPU
		{C3CE17C8-6FB9-41A3-A51F-20533B2705DC}.Debug|Any CPU.ActiveCfg = Debug|Any CPU
		{C3CE17C8-6FB9-41A3-A51F-20533B2705DC}.Debug|Any CPU.Build.0 = Debug|Any CPU
		{C3CE17C8-6FB9-41A3-A51F-20533B2705DC}.Debug|x64.ActiveCfg = Debug|Any CPU
		{C3CE17C8-6FB9-41A3-A51F-20533B2705DC}.Debug|x64.Build.0 = Debug|Any CPU
		{C3CE17C8-6FB9-41A3-A51F-20533B2705DC}.Debug|x86.ActiveCfg = Debug|Any CPU
		{C3CE17C8-6FB9-41A3-A51F-20533B2705DC}.Debug|x86.Build.0 = Debug|Any CPU
		{C3CE17C8-6FB9-41A3-A51F-20533B2705DC}.Release|Any CPU.ActiveCfg = Release|Any CPU
		{C3CE17C8-6FB9-41A3-A51F-20533B2705DC}.Release|Any CPU.Build.0 = Release|Any CPU
		{C3CE17C8-6FB9-41A3-A51F-20533B2705DC}.Release|x64.ActiveCfg = Release|Any CPU
		{C3CE17C8-6FB9-41A3-A51F-20533B2705DC}.Release|x64.Build.0 = Release|Any CPU
		{C3CE17C8-6FB9-41A3-A51F-20533B2705DC}.Release|x86.ActiveCfg = Release|Any CPU
		{C3CE17C8-6FB9-41A3-A51F-20533B2705DC}.Release|x86.Build.0 = Release|Any CPU
		{588326BD-D21F-41B4-823A-A9106D583CEE}.Debug|Any CPU.ActiveCfg = Debug|Any CPU
		{588326BD-D21F-41B4-823A-A9106D583CEE}.Debug|Any CPU.Build.0 = Debug|Any CPU
		{588326BD-D21F-41B4-823A-A9106D583CEE}.Debug|x64.ActiveCfg = Debug|Any CPU
		{588326BD-D21F-41B4-823A-A9106D583CEE}.Debug|x64.Build.0 = Debug|Any CPU
		{588326BD-D21F-41B4-823A-A9106D583CEE}.Debug|x86.ActiveCfg = Debug|Any CPU
		{588326BD-D21F-41B4-823A-A9106D583CEE}.Debug|x86.Build.0 = Debug|Any CPU
		{588326BD-D21F-41B4-823A-A9106D583CEE}.Release|Any CPU.ActiveCfg = Release|Any CPU
		{588326BD-D21F-41B4-823A-A9106D583CEE}.Release|Any CPU.Build.0 = Release|Any CPU
		{588326BD-D21F-41B4-823A-A9106D583CEE}.Release|x64.ActiveCfg = Release|Any CPU
		{588326BD-D21F-41B4-823A-A9106D583CEE}.Release|x64.Build.0 = Release|Any CPU
		{588326BD-D21F-41B4-823A-A9106D583CEE}.Release|x86.ActiveCfg = Release|Any CPU
		{588326BD-D21F-41B4-823A-A9106D583CEE}.Release|x86.Build.0 = Release|Any CPU
		{715D5CB7-2C22-4594-A94A-2CDD3A2DED5C}.Debug|Any CPU.ActiveCfg = Debug|Any CPU
		{715D5CB7-2C22-4594-A94A-2CDD3A2DED5C}.Debug|Any CPU.Build.0 = Debug|Any CPU
		{715D5CB7-2C22-4594-A94A-2CDD3A2DED5C}.Debug|x64.ActiveCfg = Debug|Any CPU
		{715D5CB7-2C22-4594-A94A-2CDD3A2DED5C}.Debug|x64.Build.0 = Debug|Any CPU
		{715D5CB7-2C22-4594-A94A-2CDD3A2DED5C}.Debug|x86.ActiveCfg = Debug|Any CPU
		{715D5CB7-2C22-4594-A94A-2CDD3A2DED5C}.Debug|x86.Build.0 = Debug|Any CPU
		{715D5CB7-2C22-4594-A94A-2CDD3A2DED5C}.Release|Any CPU.ActiveCfg = Release|Any CPU
		{715D5CB7-2C22-4594-A94A-2CDD3A2DED5C}.Release|Any CPU.Build.0 = Release|Any CPU
		{715D5CB7-2C22-4594-A94A-2CDD3A2DED5C}.Release|x64.ActiveCfg = Release|Any CPU
		{715D5CB7-2C22-4594-A94A-2CDD3A2DED5C}.Release|x64.Build.0 = Release|Any CPU
		{715D5CB7-2C22-4594-A94A-2CDD3A2DED5C}.Release|x86.ActiveCfg = Release|Any CPU
		{715D5CB7-2C22-4594-A94A-2CDD3A2DED5C}.Release|x86.Build.0 = Release|Any CPU
		{38B057CF-88E1-4BA5-88D7-BD3A35CA5986}.Debug|Any CPU.ActiveCfg = Debug|Any CPU
		{38B057CF-88E1-4BA5-88D7-BD3A35CA5986}.Debug|Any CPU.Build.0 = Debug|Any CPU
		{38B057CF-88E1-4BA5-88D7-BD3A35CA5986}.Debug|x64.ActiveCfg = Debug|Any CPU
		{38B057CF-88E1-4BA5-88D7-BD3A35CA5986}.Debug|x64.Build.0 = Debug|Any CPU
		{38B057CF-88E1-4BA5-88D7-BD3A35CA5986}.Debug|x86.ActiveCfg = Debug|Any CPU
		{38B057CF-88E1-4BA5-88D7-BD3A35CA5986}.Debug|x86.Build.0 = Debug|Any CPU
		{38B057CF-88E1-4BA5-88D7-BD3A35CA5986}.Release|Any CPU.ActiveCfg = Release|Any CPU
		{38B057CF-88E1-4BA5-88D7-BD3A35CA5986}.Release|Any CPU.Build.0 = Release|Any CPU
		{38B057CF-88E1-4BA5-88D7-BD3A35CA5986}.Release|x64.ActiveCfg = Release|Any CPU
		{38B057CF-88E1-4BA5-88D7-BD3A35CA5986}.Release|x64.Build.0 = Release|Any CPU
		{38B057CF-88E1-4BA5-88D7-BD3A35CA5986}.Release|x86.ActiveCfg = Release|Any CPU
		{38B057CF-88E1-4BA5-88D7-BD3A35CA5986}.Release|x86.Build.0 = Release|Any CPU
	EndGlobalSection
	GlobalSection(SolutionProperties) = preSolution
		HideSolutionNode = FALSE
	EndGlobalSection
	GlobalSection(NestedProjects) = preSolution
		{5B7657AB-230A-4DC8-B53C-10A355F2067A} = {827E0CD3-B72D-47B6-A68D-7590B98EB39B}
		{78FDFF36-3F6D-48D4-8735-6735E106AFAB} = {827E0CD3-B72D-47B6-A68D-7590B98EB39B}
		{C3CE17C8-6FB9-41A3-A51F-20533B2705DC} = {827E0CD3-B72D-47B6-A68D-7590B98EB39B}
		{588326BD-D21F-41B4-823A-A9106D583CEE} = {827E0CD3-B72D-47B6-A68D-7590B98EB39B}
		{715D5CB7-2C22-4594-A94A-2CDD3A2DED5C} = {827E0CD3-B72D-47B6-A68D-7590B98EB39B}
		{38B057CF-88E1-4BA5-88D7-BD3A35CA5986} = {827E0CD3-B72D-47B6-A68D-7590B98EB39B}
	EndGlobalSection
EndGlobal
